
Microsoft Visual Studio Solution File, Format Version 12.00
# Visual Studio 14
VisualStudioVersion = 14.0.25420.1
MinimumVisualStudioVersion = 10.0.40219.1
Project("{FAE04EC0-301F-11D3-BF4B-00C04F79EFBC}") = "JorjeiaAndroidApp", "JorjeiaAndroidApp\JorjeiaAndroidApp.csproj", "{87D0E7BF-2C6B-4475-B787-FD182C15B163}"
EndProject
Project("{FAE04EC0-301F-11D3-BF4B-00C04F79EFBC}") = "Calendar", "Calendar\Calendar.csproj", "{67F9D3A8-F71E-4428-913F-C37AE82CDB24}"
EndProject
Project("{FAE04EC0-301F-11D3-BF4B-00C04F79EFBC}") = "CalendarJorjeia", "CalendarJorjeia\CalendarJorjeia.csproj", "{2BA6F3E8-69EB-4A5E-A55B-A0BF4E46AEA1}"
EndProject
Project("{FAE04EC0-301F-11D3-BF4B-00C04F79EFBC}") = "XamForms.Controls.Calendar", "XamForms.Controls.Calendar\XamForms.Controls.Calendar.csproj", "{D03152BC-6661-4C8A-8DEA-9A02CD1AFB3B}"
EndProject
Project("{FAE04EC0-301F-11D3-BF4B-00C04F79EFBC}") = "XamForms.Controls.Calendar.Droid", "XamForms.Controls.Calendar.Droid\XamForms.Controls.Calendar.Droid.csproj", "{75DF086E-F7EF-47ED-859B-6D2A8B15D3C2}"
EndProject
Global
	GlobalSection(SolutionConfigurationPlatforms) = preSolution
		Ad-Hoc|Any CPU = Ad-Hoc|Any CPU
		Ad-Hoc|iPhone = Ad-Hoc|iPhone
		Ad-Hoc|iPhoneSimulator = Ad-Hoc|iPhoneSimulator
		AppStore|Any CPU = AppStore|Any CPU
		AppStore|iPhone = AppStore|iPhone
		AppStore|iPhoneSimulator = AppStore|iPhoneSimulator
		Debug|Any CPU = Debug|Any CPU
		Debug|iPhone = Debug|iPhone
		Debug|iPhoneSimulator = Debug|iPhoneSimulator
		Release|Any CPU = Release|Any CPU
		Release|iPhone = Release|iPhone
		Release|iPhoneSimulator = Release|iPhoneSimulator
	EndGlobalSection
	GlobalSection(ProjectConfigurationPlatforms) = postSolution
		{87D0E7BF-2C6B-4475-B787-FD182C15B163}.Ad-Hoc|Any CPU.ActiveCfg = Release|Any CPU
		{87D0E7BF-2C6B-4475-B787-FD182C15B163}.Ad-Hoc|Any CPU.Build.0 = Release|Any CPU
		{87D0E7BF-2C6B-4475-B787-FD182C15B163}.Ad-Hoc|Any CPU.Deploy.0 = Release|Any CPU
		{87D0E7BF-2C6B-4475-B787-FD182C15B163}.Ad-Hoc|iPhone.ActiveCfg = Release|Any CPU
		{87D0E7BF-2C6B-4475-B787-FD182C15B163}.Ad-Hoc|iPhone.Build.0 = Release|Any CPU
		{87D0E7BF-2C6B-4475-B787-FD182C15B163}.Ad-Hoc|iPhone.Deploy.0 = Release|Any CPU
		{87D0E7BF-2C6B-4475-B787-FD182C15B163}.Ad-Hoc|iPhoneSimulator.ActiveCfg = Release|Any CPU
		{87D0E7BF-2C6B-4475-B787-FD182C15B163}.Ad-Hoc|iPhoneSimulator.Build.0 = Release|Any CPU
		{87D0E7BF-2C6B-4475-B787-FD182C15B163}.Ad-Hoc|iPhoneSimulator.Deploy.0 = Release|Any CPU
		{87D0E7BF-2C6B-4475-B787-FD182C15B163}.AppStore|Any CPU.ActiveCfg = Release|Any CPU
		{87D0E7BF-2C6B-4475-B787-FD182C15B163}.AppStore|Any CPU.Build.0 = Release|Any CPU
		{87D0E7BF-2C6B-4475-B787-FD182C15B163}.AppStore|Any CPU.Deploy.0 = Release|Any CPU
		{87D0E7BF-2C6B-4475-B787-FD182C15B163}.AppStore|iPhone.ActiveCfg = Release|Any CPU
		{87D0E7BF-2C6B-4475-B787-FD182C15B163}.AppStore|iPhone.Build.0 = Release|Any CPU
		{87D0E7BF-2C6B-4475-B787-FD182C15B163}.AppStore|iPhone.Deploy.0 = Release|Any CPU
		{87D0E7BF-2C6B-4475-B787-FD182C15B163}.AppStore|iPhoneSimulator.ActiveCfg = Release|Any CPU
		{87D0E7BF-2C6B-4475-B787-FD182C15B163}.AppStore|iPhoneSimulator.Build.0 = Release|Any CPU
		{87D0E7BF-2C6B-4475-B787-FD182C15B163}.AppStore|iPhoneSimulator.Deploy.0 = Release|Any CPU
		{87D0E7BF-2C6B-4475-B787-FD182C15B163}.Debug|Any CPU.ActiveCfg = Debug|Any CPU
		{87D0E7BF-2C6B-4475-B787-FD182C15B163}.Debug|Any CPU.Build.0 = Debug|Any CPU
		{87D0E7BF-2C6B-4475-B787-FD182C15B163}.Debug|Any CPU.Deploy.0 = Debug|Any CPU
		{87D0E7BF-2C6B-4475-B787-FD182C15B163}.Debug|iPhone.ActiveCfg = Debug|Any CPU
		{87D0E7BF-2C6B-4475-B787-FD182C15B163}.Debug|iPhone.Build.0 = Debug|Any CPU
		{87D0E7BF-2C6B-4475-B787-FD182C15B163}.Debug|iPhone.Deploy.0 = Debug|Any CPU
		{87D0E7BF-2C6B-4475-B787-FD182C15B163}.Debug|iPhoneSimulator.ActiveCfg = Debug|Any CPU
		{87D0E7BF-2C6B-4475-B787-FD182C15B163}.Debug|iPhoneSimulator.Build.0 = Debug|Any CPU
		{87D0E7BF-2C6B-4475-B787-FD182C15B163}.Debug|iPhoneSimulator.Deploy.0 = Debug|Any CPU
		{87D0E7BF-2C6B-4475-B787-FD182C15B163}.Release|Any CPU.ActiveCfg = Release|Any CPU
		{87D0E7BF-2C6B-4475-B787-FD182C15B163}.Release|Any CPU.Build.0 = Release|Any CPU
		{87D0E7BF-2C6B-4475-B787-FD182C15B163}.Release|Any CPU.Deploy.0 = Release|Any CPU
		{87D0E7BF-2C6B-4475-B787-FD182C15B163}.Release|iPhone.ActiveCfg = Release|Any CPU
		{87D0E7BF-2C6B-4475-B787-FD182C15B163}.Release|iPhone.Build.0 = Release|Any CPU
		{87D0E7BF-2C6B-4475-B787-FD182C15B163}.Release|iPhone.Deploy.0 = Release|Any CPU
		{87D0E7BF-2C6B-4475-B787-FD182C15B163}.Release|iPhoneSimulator.ActiveCfg = Release|Any CPU
		{87D0E7BF-2C6B-4475-B787-FD182C15B163}.Release|iPhoneSimulator.Build.0 = Release|Any CPU
		{87D0E7BF-2C6B-4475-B787-FD182C15B163}.Release|iPhoneSimulator.Deploy.0 = Release|Any CPU
		{67F9D3A8-F71E-4428-913F-C37AE82CDB24}.Ad-Hoc|Any CPU.ActiveCfg = Release|Any CPU
		{67F9D3A8-F71E-4428-913F-C37AE82CDB24}.Ad-Hoc|Any CPU.Build.0 = Release|Any CPU
		{67F9D3A8-F71E-4428-913F-C37AE82CDB24}.Ad-Hoc|iPhone.ActiveCfg = Release|Any CPU
		{67F9D3A8-F71E-4428-913F-C37AE82CDB24}.Ad-Hoc|iPhone.Build.0 = Release|Any CPU
		{67F9D3A8-F71E-4428-913F-C37AE82CDB24}.Ad-Hoc|iPhoneSimulator.ActiveCfg = Release|Any CPU
		{67F9D3A8-F71E-4428-913F-C37AE82CDB24}.Ad-Hoc|iPhoneSimulator.Build.0 = Release|Any CPU
		{67F9D3A8-F71E-4428-913F-C37AE82CDB24}.AppStore|Any CPU.ActiveCfg = Release|Any CPU
		{67F9D3A8-F71E-4428-913F-C37AE82CDB24}.AppStore|Any CPU.Build.0 = Release|Any CPU
		{67F9D3A8-F71E-4428-913F-C37AE82CDB24}.AppStore|iPhone.ActiveCfg = Release|Any CPU
		{67F9D3A8-F71E-4428-913F-C37AE82CDB24}.AppStore|iPhone.Build.0 = Release|Any CPU
		{67F9D3A8-F71E-4428-913F-C37AE82CDB24}.AppStore|iPhoneSimulator.ActiveCfg = Release|Any CPU
		{67F9D3A8-F71E-4428-913F-C37AE82CDB24}.AppStore|iPhoneSimulator.Build.0 = Release|Any CPU
		{67F9D3A8-F71E-4428-913F-C37AE82CDB24}.Debug|Any CPU.ActiveCfg = Debug|Any CPU
		{67F9D3A8-F71E-4428-913F-C37AE82CDB24}.Debug|Any CPU.Build.0 = Debug|Any CPU
		{67F9D3A8-F71E-4428-913F-C37AE82CDB24}.Debug|iPhone.ActiveCfg = Debug|Any CPU
		{67F9D3A8-F71E-4428-913F-C37AE82CDB24}.Debug|iPhone.Build.0 = Debug|Any CPU
		{67F9D3A8-F71E-4428-913F-C37AE82CDB24}.Debug|iPhoneSimulator.ActiveCfg = Debug|Any CPU
		{67F9D3A8-F71E-4428-913F-C37AE82CDB24}.Debug|iPhoneSimulator.Build.0 = Debug|Any CPU
		{67F9D3A8-F71E-4428-913F-C37AE82CDB24}.Release|Any CPU.ActiveCfg = Release|Any CPU
		{67F9D3A8-F71E-4428-913F-C37AE82CDB24}.Release|Any CPU.Build.0 = Release|Any CPU
		{67F9D3A8-F71E-4428-913F-C37AE82CDB24}.Release|iPhone.ActiveCfg = Release|Any CPU
		{67F9D3A8-F71E-4428-913F-C37AE82CDB24}.Release|iPhone.Build.0 = Release|Any CPU
		{67F9D3A8-F71E-4428-913F-C37AE82CDB24}.Release|iPhoneSimulator.ActiveCfg = Release|Any CPU
		{67F9D3A8-F71E-4428-913F-C37AE82CDB24}.Release|iPhoneSimulator.Build.0 = Release|Any CPU
		{2BA6F3E8-69EB-4A5E-A55B-A0BF4E46AEA1}.Ad-Hoc|Any CPU.ActiveCfg = Release|Any CPU
		{2BA6F3E8-69EB-4A5E-A55B-A0BF4E46AEA1}.Ad-Hoc|Any CPU.Build.0 = Release|Any CPU
		{2BA6F3E8-69EB-4A5E-A55B-A0BF4E46AEA1}.Ad-Hoc|iPhone.ActiveCfg = Release|Any CPU
		{2BA6F3E8-69EB-4A5E-A55B-A0BF4E46AEA1}.Ad-Hoc|iPhone.Build.0 = Release|Any CPU
		{2BA6F3E8-69EB-4A5E-A55B-A0BF4E46AEA1}.Ad-Hoc|iPhoneSimulator.ActiveCfg = Release|Any CPU
		{2BA6F3E8-69EB-4A5E-A55B-A0BF4E46AEA1}.Ad-Hoc|iPhoneSimulator.Build.0 = Release|Any CPU
		{2BA6F3E8-69EB-4A5E-A55B-A0BF4E46AEA1}.AppStore|Any CPU.ActiveCfg = Release|Any CPU
		{2BA6F3E8-69EB-4A5E-A55B-A0BF4E46AEA1}.AppStore|Any CPU.Build.0 = Release|Any CPU
		{2BA6F3E8-69EB-4A5E-A55B-A0BF4E46AEA1}.AppStore|iPhone.ActiveCfg = Release|Any CPU
		{2BA6F3E8-69EB-4A5E-A55B-A0BF4E46AEA1}.AppStore|iPhone.Build.0 = Release|Any CPU
		{2BA6F3E8-69EB-4A5E-A55B-A0BF4E46AEA1}.AppStore|iPhoneSimulator.ActiveCfg = Release|Any CPU
		{2BA6F3E8-69EB-4A5E-A55B-A0BF4E46AEA1}.AppStore|iPhoneSimulator.Build.0 = Release|Any CPU
		{2BA6F3E8-69EB-4A5E-A55B-A0BF4E46AEA1}.Debug|Any CPU.ActiveCfg = Debug|Any CPU
		{2BA6F3E8-69EB-4A5E-A55B-A0BF4E46AEA1}.Debug|Any CPU.Build.0 = Debug|Any CPU
		{2BA6F3E8-69EB-4A5E-A55B-A0BF4E46AEA1}.Debug|iPhone.ActiveCfg = Debug|Any CPU
		{2BA6F3E8-69EB-4A5E-A55B-A0BF4E46AEA1}.Debug|iPhone.Build.0 = Debug|Any CPU
		{2BA6F3E8-69EB-4A5E-A55B-A0BF4E46AEA1}.Debug|iPhoneSimulator.ActiveCfg = Debug|Any CPU
		{2BA6F3E8-69EB-4A5E-A55B-A0BF4E46AEA1}.Debug|iPhoneSimulator.Build.0 = Debug|Any CPU
		{2BA6F3E8-69EB-4A5E-A55B-A0BF4E46AEA1}.Release|Any CPU.ActiveCfg = Release|Any CPU
		{2BA6F3E8-69EB-4A5E-A55B-A0BF4E46AEA1}.Release|Any CPU.Build.0 = Release|Any CPU
		{2BA6F3E8-69EB-4A5E-A55B-A0BF4E46AEA1}.Release|iPhone.ActiveCfg = Release|Any CPU
		{2BA6F3E8-69EB-4A5E-A55B-A0BF4E46AEA1}.Release|iPhone.Build.0 = Release|Any CPU
		{2BA6F3E8-69EB-4A5E-A55B-A0BF4E46AEA1}.Release|iPhoneSimulator.ActiveCfg = Release|Any CPU
		{2BA6F3E8-69EB-4A5E-A55B-A0BF4E46AEA1}.Release|iPhoneSimulator.Build.0 = Release|Any CPU
		{D03152BC-6661-4C8A-8DEA-9A02CD1AFB3B}.Ad-Hoc|Any CPU.ActiveCfg = Release|Any CPU
		{D03152BC-6661-4C8A-8DEA-9A02CD1AFB3B}.Ad-Hoc|Any CPU.Build.0 = Release|Any CPU
		{D03152BC-6661-4C8A-8DEA-9A02CD1AFB3B}.Ad-Hoc|iPhone.ActiveCfg = Release|Any CPU
		{D03152BC-6661-4C8A-8DEA-9A02CD1AFB3B}.Ad-Hoc|iPhone.Build.0 = Release|Any CPU
		{D03152BC-6661-4C8A-8DEA-9A02CD1AFB3B}.Ad-Hoc|iPhoneSimulator.ActiveCfg = Release|Any CPU
		{D03152BC-6661-4C8A-8DEA-9A02CD1AFB3B}.Ad-Hoc|iPhoneSimulator.Build.0 = Release|Any CPU
		{D03152BC-6661-4C8A-8DEA-9A02CD1AFB3B}.AppStore|Any CPU.ActiveCfg = Release|Any CPU
		{D03152BC-6661-4C8A-8DEA-9A02CD1AFB3B}.AppStore|Any CPU.Build.0 = Release|Any CPU
		{D03152BC-6661-4C8A-8DEA-9A02CD1AFB3B}.AppStore|iPhone.ActiveCfg = Release|Any CPU
		{D03152BC-6661-4C8A-8DEA-9A02CD1AFB3B}.AppStore|iPhone.Build.0 = Release|Any CPU
		{D03152BC-6661-4C8A-8DEA-9A02CD1AFB3B}.AppStore|iPhoneSimulator.ActiveCfg = Release|Any CPU
		{D03152BC-6661-4C8A-8DEA-9A02CD1AFB3B}.AppStore|iPhoneSimulator.Build.0 = Release|Any CPU
		{D03152BC-6661-4C8A-8DEA-9A02CD1AFB3B}.Debug|Any CPU.ActiveCfg = Debug|Any CPU
		{D03152BC-6661-4C8A-8DEA-9A02CD1AFB3B}.Debug|Any CPU.Build.0 = Debug|Any CPU
		{D03152BC-6661-4C8A-8DEA-9A02CD1AFB3B}.Debug|iPhone.ActiveCfg = Debug|Any CPU
		{D03152BC-6661-4C8A-8DEA-9A02CD1AFB3B}.Debug|iPhone.Build.0 = Debug|Any CPU
		{D03152BC-6661-4C8A-8DEA-9A02CD1AFB3B}.Debug|iPhoneSimulator.ActiveCfg = Debug|Any CPU
		{D03152BC-6661-4C8A-8DEA-9A02CD1AFB3B}.Debug|iPhoneSimulator.Build.0 = Debug|Any CPU
		{D03152BC-6661-4C8A-8DEA-9A02CD1AFB3B}.Release|Any CPU.ActiveCfg = Release|Any CPU
		{D03152BC-6661-4C8A-8DEA-9A02CD1AFB3B}.Release|Any CPU.Build.0 = Release|Any CPU
		{D03152BC-6661-4C8A-8DEA-9A02CD1AFB3B}.Release|iPhone.ActiveCfg = Release|Any CPU
		{D03152BC-6661-4C8A-8DEA-9A02CD1AFB3B}.Release|iPhone.Build.0 = Release|Any CPU
		{D03152BC-6661-4C8A-8DEA-9A02CD1AFB3B}.Release|iPhoneSimulator.ActiveCfg = Release|Any CPU
		{D03152BC-6661-4C8A-8DEA-9A02CD1AFB3B}.Release|iPhoneSimulator.Build.0 = Release|Any CPU
		{75DF086E-F7EF-47ED-859B-6D2A8B15D3C2}.Ad-Hoc|Any CPU.ActiveCfg = Release|Any CPU
		{75DF086E-F7EF-47ED-859B-6D2A8B15D3C2}.Ad-Hoc|Any CPU.Build.0 = Release|Any CPU
		{75DF086E-F7EF-47ED-859B-6D2A8B15D3C2}.Ad-Hoc|iPhone.ActiveCfg = Release|Any CPU
		{75DF086E-F7EF-47ED-859B-6D2A8B15D3C2}.Ad-Hoc|iPhone.Build.0 = Release|Any CPU
		{75DF086E-F7EF-47ED-859B-6D2A8B15D3C2}.Ad-Hoc|iPhoneSimulator.ActiveCfg = Release|Any CPU
		{75DF086E-F7EF-47ED-859B-6D2A8B15D3C2}.Ad-Hoc|iPhoneSimulator.Build.0 = Release|Any CPU
		{75DF086E-F7EF-47ED-859B-6D2A8B15D3C2}.AppStore|Any CPU.ActiveCfg = Release|Any CPU
		{75DF086E-F7EF-47ED-859B-6D2A8B15D3C2}.AppStore|Any CPU.Build.0 = Release|Any CPU
		{75DF086E-F7EF-47ED-859B-6D2A8B15D3C2}.AppStore|iPhone.ActiveCfg = Release|Any CPU
		{75DF086E-F7EF-47ED-859B-6D2A8B15D3C2}.AppStore|iPhone.Build.0 = Release|Any CPU
		{75DF086E-F7EF-47ED-859B-6D2A8B15D3C2}.AppStore|iPhoneSimulator.ActiveCfg = Release|Any CPU
		{75DF086E-F7EF-47ED-859B-6D2A8B15D3C2}.AppStore|iPhoneSimulator.Build.0 = Release|Any CPU
		{75DF086E-F7EF-47ED-859B-6D2A8B15D3C2}.Debug|Any CPU.ActiveCfg = Debug|Any CPU
		{75DF086E-F7EF-47ED-859B-6D2A8B15D3C2}.Debug|Any CPU.Build.0 = Debug|Any CPU
		{75DF086E-F7EF-47ED-859B-6D2A8B15D3C2}.Debug|iPhone.ActiveCfg = Debug|Any CPU
		{75DF086E-F7EF-47ED-859B-6D2A8B15D3C2}.Debug|iPhone.Build.0 = Debug|Any CPU
		{75DF086E-F7EF-47ED-859B-6D2A8B15D3C2}.Debug|iPhoneSimulator.ActiveCfg = Debug|Any CPU
		{75DF086E-F7EF-47ED-859B-6D2A8B15D3C2}.Debug|iPhoneSimulator.Build.0 = Debug|Any CPU
		{75DF086E-F7EF-47ED-859B-6D2A8B15D3C2}.Release|Any CPU.ActiveCfg = Release|Any CPU
		{75DF086E-F7EF-47ED-859B-6D2A8B15D3C2}.Release|Any CPU.Build.0 = Release|Any CPU
		{75DF086E-F7EF-47ED-859B-6D2A8B15D3C2}.Release|iPhone.ActiveCfg = Release|Any CPU
		{75DF086E-F7EF-47ED-859B-6D2A8B15D3C2}.Release|iPhone.Build.0 = Release|Any CPU
		{75DF086E-F7EF-47ED-859B-6D2A8B15D3C2}.Release|iPhoneSimulator.ActiveCfg = Release|Any CPU
		{75DF086E-F7EF-47ED-859B-6D2A8B15D3C2}.Release|iPhoneSimulator.Build.0 = Release|Any CPU
	EndGlobalSection
	GlobalSection(SolutionProperties) = preSolution
		HideSolutionNode = FALSE
	EndGlobalSection
EndGlobal
